// !$*UTF8*$!
{
	archiveVersion = 1;
	classes = {
	};
	objectVersion = 56;
	objects = {

/* Begin PBXBuildFile section */
		B7DBC1B92AEE8E33007C9F17 /* AppDelegate.swift in Sources */ = {isa = PBXBuildFile; fileRef = B7DBC1B82AEE8E33007C9F17 /* AppDelegate.swift */; };
		B7DBC1BB2AEE8E33007C9F17 /* SceneDelegate.swift in Sources */ = {isa = PBXBuildFile; fileRef = B7DBC1BA2AEE8E33007C9F17 /* SceneDelegate.swift */; };
		B7DBC1BD2AEE8E33007C9F17 /* ViewController.swift in Sources */ = {isa = PBXBuildFile; fileRef = B7DBC1BC2AEE8E33007C9F17 /* ViewController.swift */; };
		B7DBC1C02AEE8E33007C9F17 /* Main.storyboard in Resources */ = {isa = PBXBuildFile; fileRef = B7DBC1BE2AEE8E33007C9F17 /* Main.storyboard */; };
		B7DBC1C32AEE8E33007C9F17 /* CL2_NOEMI_VARGAS.xcdatamodeld in Sources */ = {isa = PBXBuildFile; fileRef = B7DBC1C12AEE8E33007C9F17 /* CL2_NOEMI_VARGAS.xcdatamodeld */; };
		B7DBC1C52AEE8E34007C9F17 /* Assets.xcassets in Resources */ = {isa = PBXBuildFile; fileRef = B7DBC1C42AEE8E34007C9F17 /* Assets.xcassets */; };
		B7DBC1C82AEE8E34007C9F17 /* LaunchScreen.storyboard in Resources */ = {isa = PBXBuildFile; fileRef = B7DBC1C62AEE8E34007C9F17 /* LaunchScreen.storyboard */; };
		B7DBC1D02AEE907E007C9F17 /* Inversion.swift in Sources */ = {isa = PBXBuildFile; fileRef = B7DBC1CF2AEE907E007C9F17 /* Inversion.swift */; };
		B7DBC1D22AEE90CA007C9F17 /* DetalleViewController.swift in Sources */ = {isa = PBXBuildFile; fileRef = B7DBC1D12AEE90CA007C9F17 /* DetalleViewController.swift */; };
		B7DBC1D42AEE9106007C9F17 /* ControladorInversion.swift in Sources */ = {isa = PBXBuildFile; fileRef = B7DBC1D32AEE9106007C9F17 /* ControladorInversion.swift */; };
		B7DBC1D62AEE9123007C9F17 /* NuevoViewController.swift in Sources */ = {isa = PBXBuildFile; fileRef = B7DBC1D52AEE9123007C9F17 /* NuevoViewController.swift */; };
		B7DBC1D82AEE9161007C9F17 /* ItemTableViewCell.swift in Sources */ = {isa = PBXBuildFile; fileRef = B7DBC1D72AEE9161007C9F17 /* ItemTableViewCell.swift */; };
		CA1D2177AD99405175A9B761 /* Pods_CL2_NOEMI_VARGAS.framework in Frameworks */ = {isa = PBXBuildFile; fileRef = 89B7CC27E0DF2156D1A7991D /* Pods_CL2_NOEMI_VARGAS.framework */; };
/* End PBXBuildFile section */

/* Begin PBXFileReference section */
		111599598D99106E4876A3B7 /* Pods-CL2_NOEMI_VARGAS.release.xcconfig */ = {isa = PBXFileReference; includeInIndex = 1; lastKnownFileType = text.xcconfig; name = "Pods-CL2_NOEMI_VARGAS.release.xcconfig"; path = "Target Support Files/Pods-CL2_NOEMI_VARGAS/Pods-CL2_NOEMI_VARGAS.release.xcconfig"; sourceTree = "<group>"; };
		89B7CC27E0DF2156D1A7991D /* Pods_CL2_NOEMI_VARGAS.framework */ = {isa = PBXFileReference; explicitFileType = wrapper.framework; includeInIndex = 0; path = Pods_CL2_NOEMI_VARGAS.framework; sourceTree = BUILT_PRODUCTS_DIR; };
		B7DBC1B52AEE8E33007C9F17 /* CL2_NOEMI_VARGAS.app */ = {isa = PBXFileReference; explicitFileType = wrapper.application; includeInIndex = 0; path = CL2_NOEMI_VARGAS.app; sourceTree = BUILT_PRODUCTS_DIR; };
		B7DBC1B82AEE8E33007C9F17 /* AppDelegate.swift */ = {isa = PBXFileReference; lastKnownFileType = sourcecode.swift; path = AppDelegate.swift; sourceTree = "<group>"; };
		B7DBC1BA2AEE8E33007C9F17 /* SceneDelegate.swift */ = {isa = PBXFileReference; lastKnownFileType = sourcecode.swift; path = SceneDelegate.swift; sourceTree = "<group>"; };
		B7DBC1BC2AEE8E33007C9F17 /* ViewController.swift */ = {isa = PBXFileReference; lastKnownFileType = sourcecode.swift; path = ViewController.swift; sourceTree = "<group>"; };
		B7DBC1BF2AEE8E33007C9F17 /* Base */ = {isa = PBXFileReference; lastKnownFileType = file.storyboard; name = Base; path = Base.lproj/Main.storyboard; sourceTree = "<group>"; };
		B7DBC1C22AEE8E33007C9F17 /* CL2_NOEMI_VARGAS.xcdatamodel */ = {isa = PBXFileReference; lastKnownFileType = wrapper.xcdatamodel; path = CL2_NOEMI_VARGAS.xcdatamodel; sourceTree = "<group>"; };
		B7DBC1C42AEE8E34007C9F17 /* Assets.xcassets */ = {isa = PBXFileReference; lastKnownFileType = folder.assetcatalog; path = Assets.xcassets; sourceTree = "<group>"; };
		B7DBC1C72AEE8E34007C9F17 /* Base */ = {isa = PBXFileReference; lastKnownFileType = file.storyboard; name = Base; path = Base.lproj/LaunchScreen.storyboard; sourceTree = "<group>"; };
		B7DBC1C92AEE8E34007C9F17 /* Info.plist */ = {isa = PBXFileReference; lastKnownFileType = text.plist.xml; path = Info.plist; sourceTree = "<group>"; };
		B7DBC1CF2AEE907E007C9F17 /* Inversion.swift */ = {isa = PBXFileReference; lastKnownFileType = sourcecode.swift; path = Inversion.swift; sourceTree = "<group>"; };
		B7DBC1D12AEE90CA007C9F17 /* DetalleViewController.swift */ = {isa = PBXFileReference; lastKnownFileType = sourcecode.swift; path = DetalleViewController.swift; sourceTree = "<group>"; };
		B7DBC1D32AEE9106007C9F17 /* ControladorInversion.swift */ = {isa = PBXFileReference; lastKnownFileType = sourcecode.swift; path = ControladorInversion.swift; sourceTree = "<group>"; };
		B7DBC1D52AEE9123007C9F17 /* NuevoViewController.swift */ = {isa = PBXFileReference; lastKnownFileType = sourcecode.swift; path = NuevoViewController.swift; sourceTree = "<group>"; };
		B7DBC1D72AEE9161007C9F17 /* ItemTableViewCell.swift */ = {isa = PBXFileReference; lastKnownFileType = sourcecode.swift; path = ItemTableViewCell.swift; sourceTree = "<group>"; };
		DFD811632A10E530DC02F654 /* Pods-CL2_NOEMI_VARGAS.debug.xcconfig */ = {isa = PBXFileReference; includeInIndex = 1; lastKnownFileType = text.xcconfig; name = "Pods-CL2_NOEMI_VARGAS.debug.xcconfig"; path = "Target Support Files/Pods-CL2_NOEMI_VARGAS/Pods-CL2_NOEMI_VARGAS.debug.xcconfig"; sourceTree = "<group>"; };
/* End PBXFileReference section */

/* Begin PBXFrameworksBuildPhase section */
		B7DBC1B22AEE8E33007C9F17 /* Frameworks */ = {
			isa = PBXFrameworksBuildPhase;
			buildActionMask = 2147483647;
			files = (
				CA1D2177AD99405175A9B761 /* Pods_CL2_NOEMI_VARGAS.framework in Frameworks */,
			);
			runOnlyForDeploymentPostprocessing = 0;
		};
/* End PBXFrameworksBuildPhase section */

/* Begin PBXGroup section */
		1B9CCD85866DA43B90D017EA /* Frameworks */ = {
			isa = PBXGroup;
			children = (
				89B7CC27E0DF2156D1A7991D /* Pods_CL2_NOEMI_VARGAS.framework */,
			);
			name = Frameworks;
			sourceTree = "<group>";
		};
		20E1DB61387DCE77448A55DC /* Pods */ = {
			isa = PBXGroup;
			children = (
				DFD811632A10E530DC02F654 /* Pods-CL2_NOEMI_VARGAS.debug.xcconfig */,
				111599598D99106E4876A3B7 /* Pods-CL2_NOEMI_VARGAS.release.xcconfig */,
			);
			path = Pods;
			sourceTree = "<group>";
		};
		B7DBC1AC2AEE8E33007C9F17 = {
			isa = PBXGroup;
			children = (
				B7DBC1B72AEE8E33007C9F17 /* CL2_NOEMI_VARGAS */,
				B7DBC1B62AEE8E33007C9F17 /* Products */,
				20E1DB61387DCE77448A55DC /* Pods */,
				1B9CCD85866DA43B90D017EA /* Frameworks */,
			);
			sourceTree = "<group>";
		};
		B7DBC1B62AEE8E33007C9F17 /* Products */ = {
			isa = PBXGroup;
			children = (
				B7DBC1B52AEE8E33007C9F17 /* CL2_NOEMI_VARGAS.app */,
			);
			name = Products;
			sourceTree = "<group>";
		};
		B7DBC1B72AEE8E33007C9F17 /* CL2_NOEMI_VARGAS */ = {
			isa = PBXGroup;
			children = (
				B7DBC1B82AEE8E33007C9F17 /* AppDelegate.swift */,
				B7DBC1BA2AEE8E33007C9F17 /* SceneDelegate.swift */,
				B7DBC1BC2AEE8E33007C9F17 /* ViewController.swift */,
				B7DBC1BE2AEE8E33007C9F17 /* Main.storyboard */,
				B7DBC1C42AEE8E34007C9F17 /* Assets.xcassets */,
				B7DBC1C62AEE8E34007C9F17 /* LaunchScreen.storyboard */,
				B7DBC1C92AEE8E34007C9F17 /* Info.plist */,
				B7DBC1C12AEE8E33007C9F17 /* CL2_NOEMI_VARGAS.xcdatamodeld */,
				B7DBC1CF2AEE907E007C9F17 /* Inversion.swift */,
				B7DBC1D12AEE90CA007C9F17 /* DetalleViewController.swift */,
				B7DBC1D32AEE9106007C9F17 /* ControladorInversion.swift */,
				B7DBC1D52AEE9123007C9F17 /* NuevoViewController.swift */,
				B7DBC1D72AEE9161007C9F17 /* ItemTableViewCell.swift */,
			);
			path = CL2_NOEMI_VARGAS;
			sourceTree = "<group>";
		};
/* End PBXGroup section */

/* Begin PBXNativeTarget section */
		B7DBC1B42AEE8E33007C9F17 /* CL2_NOEMI_VARGAS */ = {
			isa = PBXNativeTarget;
			buildConfigurationList = B7DBC1CC2AEE8E34007C9F17 /* Build configuration list for PBXNativeTarget "CL2_NOEMI_VARGAS" */;
			buildPhases = (
				9F608398E20505022B712011 /* [CP] Check Pods Manifest.lock */,
				B7DBC1B12AEE8E33007C9F17 /* Sources */,
				B7DBC1B22AEE8E33007C9F17 /* Frameworks */,
				B7DBC1B32AEE8E33007C9F17 /* Resources */,
				6D95FAFB8BE134539458367D /* [CP] Embed Pods Frameworks */,
			);
			buildRules = (
			);
			dependencies = (
			);
			name = CL2_NOEMI_VARGAS;
			productName = CL2_NOEMI_VARGAS;
			productReference = B7DBC1B52AEE8E33007C9F17 /* CL2_NOEMI_VARGAS.app */;
			productType = "com.apple.product-type.application";
		};
/* End PBXNativeTarget section */

/* Begin PBXProject section */
		B7DBC1AD2AEE8E33007C9F17 /* Project object */ = {
			isa = PBXProject;
			attributes = {
				BuildIndependentTargetsInParallel = 1;
				LastSwiftUpdateCheck = 1430;
				LastUpgradeCheck = 1430;
				TargetAttributes = {
					B7DBC1B42AEE8E33007C9F17 = {
						CreatedOnToolsVersion = 14.3.1;
					};
				};
			};
			buildConfigurationList = B7DBC1B02AEE8E33007C9F17 /* Build configuration list for PBXProject "CL2_NOEMI_VARGAS" */;
			compatibilityVersion = "Xcode 14.0";
			developmentRegion = en;
			hasScannedForEncodings = 0;
			knownRegions = (
				en,
				Base,
			);
			mainGroup = B7DBC1AC2AEE8E33007C9F17;
			productRefGroup = B7DBC1B62AEE8E33007C9F17 /* Products */;
			projectDirPath = "";
			projectRoot = "";
			targets = (
				B7DBC1B42AEE8E33007C9F17 /* CL2_NOEMI_VARGAS */,
			);
		};
/* End PBXProject section */

/* Begin PBXResourcesBuildPhase section */
		B7DBC1B32AEE8E33007C9F17 /* Resources */ = {
			isa = PBXResourcesBuildPhase;
			buildActionMask = 2147483647;
			files = (
				B7DBC1C82AEE8E34007C9F17 /* LaunchScreen.storyboard in Resources */,
				B7DBC1C52AEE8E34007C9F17 /* Assets.xcassets in Resources */,
				B7DBC1C02AEE8E33007C9F17 /* Main.storyboard in Resources */,
			);
			runOnlyForDeploymentPostprocessing = 0;
		};
/* End PBXResourcesBuildPhase section */

/* Begin PBXShellScriptBuildPhase section */
		6D95FAFB8BE134539458367D /* [CP] Embed Pods Frameworks */ = {
			isa = PBXShellScriptBuildPhase;
			buildActionMask = 2147483647;
			files = (
			);
			inputFileListPaths = (
				"${PODS_ROOT}/Target Support Files/Pods-CL2_NOEMI_VARGAS/Pods-CL2_NOEMI_VARGAS-frameworks-${CONFIGURATION}-input-files.xcfilelist",
			);
			name = "[CP] Embed Pods Frameworks";
			outputFileListPaths = (
				"${PODS_ROOT}/Target Support Files/Pods-CL2_NOEMI_VARGAS/Pods-CL2_NOEMI_VARGAS-frameworks-${CONFIGURATION}-output-files.xcfilelist",
			);
			runOnlyForDeploymentPostprocessing = 0;
			shellPath = /bin/sh;
			shellScript = "\"${PODS_ROOT}/Target Support Files/Pods-CL2_NOEMI_VARGAS/Pods-CL2_NOEMI_VARGAS-frameworks.sh\"\n";
			showEnvVarsInLog = 0;
		};
		9F608398E20505022B712011 /* [CP] Check Pods Manifest.lock */ = {
			isa = PBXShellScriptBuildPhase;
			buildActionMask = 2147483647;
			files = (
			);
			inputFileListPaths = (
			);
			inputPaths = (
				"${PODS_PODFILE_DIR_PATH}/Podfile.lock",
				"${PODS_ROOT}/Manifest.lock",
			);
			name = "[CP] Check Pods Manifest.lock";
			outputFileListPaths = (
			);
			outputPaths = (
				"$(DERIVED_FILE_DIR)/Pods-CL2_NOEMI_VARGAS-checkManifestLockResult.txt",
			);
			runOnlyForDeploymentPostprocessing = 0;
			shellPath = /bin/sh;
			shellScript = "diff \"${PODS_PODFILE_DIR_PATH}/Podfile.lock\" \"${PODS_ROOT}/Manifest.lock\" > /dev/null\nif [ $? != 0 ] ; then\n    # print error to STDERR\n    echo \"error: The sandbox is not in sync with the Podfile.lock. Run 'pod install' or update your CocoaPods installation.\" >&2\n    exit 1\nfi\n# This output is used by Xcode 'outputs' to avoid re-running this script phase.\necho \"SUCCESS\" > \"${SCRIPT_OUTPUT_FILE_0}\"\n";
			showEnvVarsInLog = 0;
		};
/* End PBXShellScriptBuildPhase section */

/* Begin PBXSourcesBuildPhase section */
		B7DBC1B12AEE8E33007C9F17 /* Sources */ = {
			isa = PBXSourcesBuildPhase;
			buildActionMask = 2147483647;
			files = (
				B7DBC1D62AEE9123007C9F17 /* NuevoViewController.swift in Sources */,
				B7DBC1D82AEE9161007C9F17 /* ItemTableViewCell.swift in Sources */,
				B7DBC1D22AEE90CA007C9F17 /* DetalleViewController.swift in Sources */,
				B7DBC1D02AEE907E007C9F17 /* Inversion.swift in Sources */,
				B7DBC1C32AEE8E33007C9F17 /* CL2_NOEMI_VARGAS.xcdatamodeld in Sources */,
				B7DBC1BD2AEE8E33007C9F17 /* ViewController.swift in Sources */,
				B7DBC1B92AEE8E33007C9F17 /* AppDelegate.swift in Sources */,
				B7DBC1BB2AEE8E33007C9F17 /* SceneDelegate.swift in Sources */,
				B7DBC1D42AEE9106007C9F17 /* ControladorInversion.swift in Sources */,
			);
			runOnlyForDeploymentPostprocessing = 0;
		};
/* End PBXSourcesBuildPhase section */

/* Begin PBXVariantGroup section */
		B7DBC1BE2AEE8E33007C9F17 /* Main.storyboard */ = {
			isa = PBXVariantGroup;
			children = (
				B7DBC1BF2AEE8E33007C9F17 /* Base */,
			);
			name = Main.storyboard;
			sourceTree = "<group>";
		};
		B7DBC1C62AEE8E34007C9F17 /* LaunchScreen.storyboard */ = {
			isa = PBXVariantGroup;
			children = (
				B7DBC1C72AEE8E34007C9F17 /* Base */,
			);
			name = LaunchScreen.storyboard;
			sourceTree = "<group>";
		};
/* End PBXVariantGroup section */

/* Begin XCBuildConfiguration section */
		B7DBC1CA2AEE8E34007C9F17 /* Debug */ = {
			isa = XCBuildConfiguration;
			buildSettings = {
				ALWAYS_SEARCH_USER_PATHS = NO;
				CLANG_ANALYZER_NONNULL = YES;
				CLANG_ANALYZER_NUMBER_OBJECT_CONVERSION = YES_AGGRESSIVE;
				CLANG_CXX_LANGUAGE_STANDARD = "gnu++20";
				CLANG_ENABLE_MODULES = YES;
				CLANG_ENABLE_OBJC_ARC = YES;
				CLANG_ENABLE_OBJC_WEAK = YES;
				CLANG_WARN_BLOCK_CAPTURE_AUTORELEASING = YES;
				CLANG_WARN_BOOL_CONVERSION = YES;
				CLANG_WARN_COMMA = YES;
				CLANG_WARN_CONSTANT_CONVERSION = YES;
				CLANG_WARN_DEPRECATED_OBJC_IMPLEMENTATIONS = YES;
				CLANG_WARN_DIRECT_OBJC_ISA_USAGE = YES_ERROR;
				CLANG_WARN_DOCUMENTATION_COMMENTS = YES;
				CLANG_WARN_EMPTY_BODY = YES;
				CLANG_WARN_ENUM_CONVERSION = YES;
				CLANG_WARN_INFINITE_RECURSION = YES;
				CLANG_WARN_INT_CONVERSION = YES;
				CLANG_WARN_NON_LITERAL_NULL_CONVERSION = YES;
				CLANG_WARN_OBJC_IMPLICIT_RETAIN_SELF = YES;
				CLANG_WARN_OBJC_LITERAL_CONVERSION = YES;
				CLANG_WARN_OBJC_ROOT_CLASS = YES_ERROR;
				CLANG_WARN_QUOTED_INCLUDE_IN_FRAMEWORK_HEADER = YES;
				CLANG_WARN_RANGE_LOOP_ANALYSIS = YES;
				CLANG_WARN_STRICT_PROTOTYPES = YES;
				CLANG_WARN_SUSPICIOUS_MOVE = YES;
				CLANG_WARN_UNGUARDED_AVAILABILITY = YES_AGGRESSIVE;
				CLANG_WARN_UNREACHABLE_CODE = YES;
				CLANG_WARN__DUPLICATE_METHOD_MATCH = YES;
				COPY_PHASE_STRIP = NO;
				DEBUG_INFORMATION_FORMAT = dwarf;
				ENABLE_STRICT_OBJC_MSGSEND = YES;
				ENABLE_TESTABILITY = YES;
				GCC_C_LANGUAGE_STANDARD = gnu11;
				GCC_DYNAMIC_NO_PIC = NO;
				GCC_NO_COMMON_BLOCKS = YES;
				GCC_OPTIMIZATION_LEVEL = 0;
				GCC_PREPROCESSOR_DEFINITIONS = (
					"DEBUG=1",
					"$(inherited)",
				);
				GCC_WARN_64_TO_32_BIT_CONVERSION = YES;
				GCC_WARN_ABOUT_RETURN_TYPE = YES_ERROR;
				GCC_WARN_UNDECLARED_SELECTOR = YES;
				GCC_WARN_UNINITIALIZED_AUTOS = YES_AGGRESSIVE;
				GCC_WARN_UNUSED_FUNCTION = YES;
				GCC_WARN_UNUSED_VARIABLE = YES;
				IPHONEOS_DEPLOYMENT_TARGET = 16.4;
				MTL_ENABLE_DEBUG_INFO = INCLUDE_SOURCE;
				MTL_FAST_MATH = YES;
				ONLY_ACTIVE_ARCH = YES;
				SDKROOT = iphoneos;
				SWIFT_ACTIVE_COMPILATION_CONDITIONS = DEBUG;
				SWIFT_OPTIMIZATION_LEVEL = "-Onone";
			};
			name = Debug;
		};
		B7DBC1CB2AEE8E34007C9F17 /* Release */ = {
			isa = XCBuildConfiguration;
			buildSettings = {
				ALWAYS_SEARCH_USER_PATHS = NO;
				CLANG_ANALYZER_NONNULL = YES;
				CLANG_ANALYZER_NUMBER_OBJECT_CONVERSION = YES_AGGRESSIVE;
				CLANG_CXX_LANGUAGE_STANDARD = "gnu++20";
				CLANG_ENABLE_MODULES = YES;
				CLANG_ENABLE_OBJC_ARC = YES;
				CLANG_ENABLE_OBJC_WEAK = YES;
				CLANG_WARN_BLOCK_CAPTURE_AUTORELEASING = YES;
				CLANG_WARN_BOOL_CONVERSION = YES;
				CLANG_WARN_COMMA = YES;
				CLANG_WARN_CONSTANT_CONVERSION = YES;
				CLANG_WARN_DEPRECATED_OBJC_IMPLEMENTATIONS = YES;
				CLANG_WARN_DIRECT_OBJC_ISA_USAGE = YES_ERROR;
				CLANG_WARN_DOCUMENTATION_COMMENTS = YES;
				CLANG_WARN_EMPTY_BODY = YES;
				CLANG_WARN_ENUM_CONVERSION = YES;
				CLANG_WARN_INFINITE_RECURSION = YES;
				CLANG_WARN_INT_CONVERSION = YES;
				CLANG_WARN_NON_LITERAL_NULL_CONVERSION = YES;
				CLANG_WARN_OBJC_IMPLICIT_RETAIN_SELF = YES;
				CLANG_WARN_OBJC_LITERAL_CONVERSION = YES;
				CLANG_WARN_OBJC_ROOT_CLASS = YES_ERROR;
				CLANG_WARN_QUOTED_INCLUDE_IN_FRAMEWORK_HEADER = YES;
				CLANG_WARN_RANGE_LOOP_ANALYSIS = YES;
				CLANG_WARN_STRICT_PROTOTYPES = YES;
				CLANG_WARN_SUSPICIOUS_MOVE = YES;
				CLANG_WARN_UNGUARDED_AVAILABILITY = YES_AGGRESSIVE;
				CLANG_WARN_UNREACHABLE_CODE = YES;
				CLANG_WARN__DUPLICATE_METHOD_MATCH = YES;
				COPY_PHASE_STRIP = NO;
				DEBUG_INFORMATION_FORMAT = "dwarf-with-dsym";
				ENABLE_NS_ASSERTIONS = NO;
				ENABLE_STRICT_OBJC_MSGSEND = YES;
				GCC_C_LANGUAGE_STANDARD = gnu11;
				GCC_NO_COMMON_BLOCKS = YES;
				GCC_WARN_64_TO_32_BIT_CONVERSION = YES;
				GCC_WARN_ABOUT_RETURN_TYPE = YES_ERROR;
				GCC_WARN_UNDECLARED_SELECTOR = YES;
				GCC_WARN_UNINITIALIZED_AUTOS = YES_AGGRESSIVE;
				GCC_WARN_UNUSED_FUNCTION = YES;
				GCC_WARN_UNUSED_VARIABLE = YES;
				IPHONEOS_DEPLOYMENT_TARGET = 16.4;
				MTL_ENABLE_DEBUG_INFO = NO;
				MTL_FAST_MATH = YES;
				SDKROOT = iphoneos;
				SWIFT_COMPILATION_MODE = wholemodule;
				SWIFT_OPTIMIZATION_LEVEL = "-O";
				VALIDATE_PRODUCT = YES;
			};
			name = Release;
		};
		B7DBC1CD2AEE8E34007C9F17 /* Debug */ = {
			isa = XCBuildConfiguration;
			baseConfigurationReference = DFD811632A10E530DC02F654 /* Pods-CL2_NOEMI_VARGAS.debug.xcconfig */;
			buildSettings = {
				ASSETCATALOG_COMPILER_APPICON_NAME = AppIcon;
				ASSETCATALOG_COMPILER_GLOBAL_ACCENT_COLOR_NAME = AccentColor;
				CODE_SIGN_STYLE = Automatic;
				CURRENT_PROJECT_VERSION = 1;
				GENERATE_INFOPLIST_FILE = YES;
				INFOPLIST_FILE = CL2_NOEMI_VARGAS/Info.plist;
				INFOPLIST_KEY_UIApplicationSupportsIndirectInputEvents = YES;
				INFOPLIST_KEY_UILaunchStoryboardName = LaunchScreen;
				INFOPLIST_KEY_UIMainStoryboardFile = Main;
				INFOPLIST_KEY_UISupportedInterfaceOrientations_iPad = "UIInterfaceOrientationPortrait UIInterfaceOrientationPortraitUpsideDown UIInterfaceOrientationLandscapeLeft UIInterfaceOrientationLandscapeRight";
				INFOPLIST_KEY_UISupportedInterfaceOrientations_iPhone = "UIInterfaceOrientationPortrait UIInterfaceOrientationLandscapeLeft UIInterfaceOrientationLandscapeRight";
				LD_RUNPATH_SEARCH_PATHS = (
					"$(inherited)",
					"@executable_path/Frameworks",
				);
				MARKETING_VERSION = 1.0;
				PRODUCT_BUNDLE_IDENTIFIER = "cibertec.edu.pe.CL2-NOEMI-VARGAS";
				PRODUCT_NAME = "$(TARGET_NAME)";
				SWIFT_EMIT_LOC_STRINGS = YES;
				SWIFT_VERSION = 5.0;
				TARGETED_DEVICE_FAMILY = "1,2";
			};
			name = Debug;
		};
		B7DBC1CE2AEE8E34007C9F17 /* Release */ = {
			isa = XCBuildConfiguration;
			baseConfigurationReference = 111599598D99106E4876A3B7 /* Pods-CL2_NOEMI_VARGAS.release.xcconfig */;
			buildSettings = {
				ASSETCATALOG_COMPILER_APPICON_NAME = AppIcon;
				ASSETCATALOG_COMPILER_GLOBAL_ACCENT_COLOR_NAME = AccentColor;
				CODE_SIGN_STYLE = Automatic;
				CURRENT_PROJECT_VERSION = 1;
				GENERATE_INFOPLIST_FILE = YES;
				INFOPLIST_FILE = CL2_NOEMI_VARGAS/Info.plist;
				INFOPLIST_KEY_UIApplicationSupportsIndirectInputEvents = YES;
				INFOPLIST_KEY_UILaunchStoryboardName = LaunchScreen;
				INFOPLIST_KEY_UIMainStoryboardFile = Main;
				INFOPLIST_KEY_UISupportedInterfaceOrientations_iPad = "UIInterfaceOrientationPortrait UIInterfaceOrientationPortraitUpsideDown UIInterfaceOrientationLandscapeLeft UIInterfaceOrientationLandscapeRight";
				INFOPLIST_KEY_UISupportedInterfaceOrientations_iPhone = "UIInterfaceOrientationPortrait UIInterfaceOrientationLandscapeLeft UIInterfaceOrientationLandscapeRight";
				LD_RUNPATH_SEARCH_PATHS = (
					"$(inherited)",
					"@executable_path/Frameworks",
				);
				MARKETING_VERSION = 1.0;
				PRODUCT_BUNDLE_IDENTIFIER = "cibertec.edu.pe.CL2-NOEMI-VARGAS";
				PRODUCT_NAME = "$(TARGET_NAME)";
				SWIFT_EMIT_LOC_STRINGS = YES;
				SWIFT_VERSION = 5.0;
				TARGETED_DEVICE_FAMILY = "1,2";
			};
			name = Release;
		};
/* End XCBuildConfiguration section */

/* Begin XCConfigurationList section */
		B7DBC1B02AEE8E33007C9F17 /* Build configuration list for PBXProject "CL2_NOEMI_VARGAS" */ = {
			isa = XCConfigurationList;
			buildConfigurations = (
				B7DBC1CA2AEE8E34007C9F17 /* Debug */,
				B7DBC1CB2AEE8E34007C9F17 /* Release */,
			);
			defaultConfigurationIsVisible = 0;
			defaultConfigurationName = Release;
		};
		B7DBC1CC2AEE8E34007C9F17 /* Build configuration list for PBXNativeTarget "CL2_NOEMI_VARGAS" */ = {
			isa = XCConfigurationList;
			buildConfigurations = (
				B7DBC1CD2AEE8E34007C9F17 /* Debug */,
				B7DBC1CE2AEE8E34007C9F17 /* Release */,
			);
			defaultConfigurationIsVisible = 0;
			defaultConfigurationName = Release;
		};
/* End XCConfigurationList section */

/* Begin XCVersionGroup section */
		B7DBC1C12AEE8E33007C9F17 /* CL2_NOEMI_VARGAS.xcdatamodeld */ = {
			isa = XCVersionGroup;
			children = (
				B7DBC1C22AEE8E33007C9F17 /* CL2_NOEMI_VARGAS.xcdatamodel */,
			);
			currentVersion = B7DBC1C22AEE8E33007C9F17 /* CL2_NOEMI_VARGAS.xcdatamodel */;
			path = CL2_NOEMI_VARGAS.xcdatamodeld;
			sourceTree = "<group>";
			versionGroupType = wrapper.xcdatamodel;
		};
/* End XCVersionGroup section */
	};
	rootObject = B7DBC1AD2AEE8E33007C9F17 /* Project object */;
}
